// !$*UTF8*$!
{
	archiveVersion = 1;
	classes = {
	};
	objectVersion = 46;
	objects = {

/* Begin PBXBuildFile section */
		125FF3D71EBD7FBF00E76CF5 /* AppDelegate.swift in Sources */ = {isa = PBXBuildFile; fileRef = 125FF3D61EBD7FBF00E76CF5 /* AppDelegate.swift */; };
		125FF3DC1EBD7FBF00E76CF5 /* Main.storyboard in Resources */ = {isa = PBXBuildFile; fileRef = 125FF3DA1EBD7FBF00E76CF5 /* Main.storyboard */; };
		125FF3DE1EBD7FBF00E76CF5 /* Assets.xcassets in Resources */ = {isa = PBXBuildFile; fileRef = 125FF3DD1EBD7FBF00E76CF5 /* Assets.xcassets */; };
		125FF3E11EBD7FBF00E76CF5 /* LaunchScreen.storyboard in Resources */ = {isa = PBXBuildFile; fileRef = 125FF3DF1EBD7FBF00E76CF5 /* LaunchScreen.storyboard */; };
		125FF3EA1EBD838300E76CF5 /* ViewController.swift in Sources */ = {isa = PBXBuildFile; fileRef = 125FF3E91EBD838300E76CF5 /* ViewController.swift */; };
		125FF3EC1EBD83FC00E76CF5 /* SlideShowViewController.swift in Sources */ = {isa = PBXBuildFile; fileRef = 125FF3EB1EBD83FC00E76CF5 /* SlideShowViewController.swift */; };
		125FF3EE1EBD841400E76CF5 /* BaseViewController.swift in Sources */ = {isa = PBXBuildFile; fileRef = 125FF3ED1EBD841400E76CF5 /* BaseViewController.swift */; };
		A6A93B390297B734FCB477CB /* Pods_FlickrSlideShow.framework in Frameworks */ = {isa = PBXBuildFile; fileRef = 36AC61ABEA3D1DD1700A0406 /* Pods_FlickrSlideShow.framework */; };
/* End PBXBuildFile section */

/* Begin PBXFileReference section */
		125FF3D31EBD7FBF00E76CF5 /* FlickrSlideShow.app */ = {isa = PBXFileReference; explicitFileType = wrapper.application; includeInIndex = 0; path = FlickrSlideShow.app; sourceTree = BUILT_PRODUCTS_DIR; };
		125FF3D61EBD7FBF00E76CF5 /* AppDelegate.swift */ = {isa = PBXFileReference; lastKnownFileType = sourcecode.swift; path = AppDelegate.swift; sourceTree = "<group>"; };
		125FF3DB1EBD7FBF00E76CF5 /* Base */ = {isa = PBXFileReference; lastKnownFileType = file.storyboard; name = Base; path = Base.lproj/Main.storyboard; sourceTree = "<group>"; };
		125FF3DD1EBD7FBF00E76CF5 /* Assets.xcassets */ = {isa = PBXFileReference; lastKnownFileType = folder.assetcatalog; path = Assets.xcassets; sourceTree = "<group>"; };
		125FF3E01EBD7FBF00E76CF5 /* Base */ = {isa = PBXFileReference; lastKnownFileType = file.storyboard; name = Base; path = Base.lproj/LaunchScreen.storyboard; sourceTree = "<group>"; };
		125FF3E21EBD7FBF00E76CF5 /* Info.plist */ = {isa = PBXFileReference; lastKnownFileType = text.plist.xml; path = Info.plist; sourceTree = "<group>"; };
		125FF3E91EBD838300E76CF5 /* ViewController.swift */ = {isa = PBXFileReference; fileEncoding = 4; lastKnownFileType = sourcecode.swift; path = ViewController.swift; sourceTree = "<group>"; };
		125FF3EB1EBD83FC00E76CF5 /* SlideShowViewController.swift */ = {isa = PBXFileReference; fileEncoding = 4; lastKnownFileType = sourcecode.swift; path = SlideShowViewController.swift; sourceTree = "<group>"; };
		125FF3ED1EBD841400E76CF5 /* BaseViewController.swift */ = {isa = PBXFileReference; fileEncoding = 4; lastKnownFileType = sourcecode.swift; path = BaseViewController.swift; sourceTree = "<group>"; };
		36AC61ABEA3D1DD1700A0406 /* Pods_FlickrSlideShow.framework */ = {isa = PBXFileReference; explicitFileType = wrapper.framework; includeInIndex = 0; path = Pods_FlickrSlideShow.framework; sourceTree = BUILT_PRODUCTS_DIR; };
		4A7335F0684C5818AE2EEDC0 /* Pods-FlickrSlideShow.release.xcconfig */ = {isa = PBXFileReference; includeInIndex = 1; lastKnownFileType = text.xcconfig; name = "Pods-FlickrSlideShow.release.xcconfig"; path = "Pods/Target Support Files/Pods-FlickrSlideShow/Pods-FlickrSlideShow.release.xcconfig"; sourceTree = "<group>"; };
		6AD9D13F534C23239EC9F7DE /* Pods-FlickrSlideShow.debug.xcconfig */ = {isa = PBXFileReference; includeInIndex = 1; lastKnownFileType = text.xcconfig; name = "Pods-FlickrSlideShow.debug.xcconfig"; path = "Pods/Target Support Files/Pods-FlickrSlideShow/Pods-FlickrSlideShow.debug.xcconfig"; sourceTree = "<group>"; };
/* End PBXFileReference section */

/* Begin PBXFrameworksBuildPhase section */
		125FF3D01EBD7FBF00E76CF5 /* Frameworks */ = {
			isa = PBXFrameworksBuildPhase;
			buildActionMask = 2147483647;
			files = (
				A6A93B390297B734FCB477CB /* Pods_FlickrSlideShow.framework in Frameworks */,
			);
			runOnlyForDeploymentPostprocessing = 0;
		};
/* End PBXFrameworksBuildPhase section */

/* Begin PBXGroup section */
		125FF3CA1EBD7FBF00E76CF5 = {
			isa = PBXGroup;
			children = (
				125FF3D51EBD7FBF00E76CF5 /* FlickrSlideShow */,
				125FF3D41EBD7FBF00E76CF5 /* Products */,
				1CF75B555478E365DC4D1240 /* Pods */,
				50D2868D0CF7F634429873C8 /* Frameworks */,
			);
			sourceTree = "<group>";
		};
		125FF3D41EBD7FBF00E76CF5 /* Products */ = {
			isa = PBXGroup;
			children = (
				125FF3D31EBD7FBF00E76CF5 /* FlickrSlideShow.app */,
			);
			name = Products;
			sourceTree = "<group>";
		};
		125FF3D51EBD7FBF00E76CF5 /* FlickrSlideShow */ = {
			isa = PBXGroup;
			children = (
				125FF3E81EBD838300E76CF5 /* Controller */,
				125FF3D61EBD7FBF00E76CF5 /* AppDelegate.swift */,
				125FF3DA1EBD7FBF00E76CF5 /* Main.storyboard */,
				125FF3DD1EBD7FBF00E76CF5 /* Assets.xcassets */,
				125FF3DF1EBD7FBF00E76CF5 /* LaunchScreen.storyboard */,
				125FF3E21EBD7FBF00E76CF5 /* Info.plist */,
			);
			path = FlickrSlideShow;
			sourceTree = "<group>";
		};
		125FF3E81EBD838300E76CF5 /* Controller */ = {
			isa = PBXGroup;
			children = (
				125FF3ED1EBD841400E76CF5 /* BaseViewController.swift */,
				125FF3E91EBD838300E76CF5 /* ViewController.swift */,
				125FF3EB1EBD83FC00E76CF5 /* SlideShowViewController.swift */,
			);
			path = Controller;
			sourceTree = "<group>";
		};
		1CF75B555478E365DC4D1240 /* Pods */ = {
			isa = PBXGroup;
			children = (
				6AD9D13F534C23239EC9F7DE /* Pods-FlickrSlideShow.debug.xcconfig */,
				4A7335F0684C5818AE2EEDC0 /* Pods-FlickrSlideShow.release.xcconfig */,
			);
			name = Pods;
			sourceTree = "<group>";
		};
		50D2868D0CF7F634429873C8 /* Frameworks */ = {
			isa = PBXGroup;
			children = (
				36AC61ABEA3D1DD1700A0406 /* Pods_FlickrSlideShow.framework */,
			);
			name = Frameworks;
			sourceTree = "<group>";
		};
/* End PBXGroup section */

/* Begin PBXNativeTarget section */
		125FF3D21EBD7FBF00E76CF5 /* FlickrSlideShow */ = {
			isa = PBXNativeTarget;
			buildConfigurationList = 125FF3E51EBD7FBF00E76CF5 /* Build configuration list for PBXNativeTarget "FlickrSlideShow" */;
			buildPhases = (
				D76D4E50FEFEC1DFC341611D /* [CP] Check Pods Manifest.lock */,
				125FF3CF1EBD7FBF00E76CF5 /* Sources */,
				125FF3D01EBD7FBF00E76CF5 /* Frameworks */,
				125FF3D11EBD7FBF00E76CF5 /* Resources */,
				F7B5E6DDE25E7F833E64F4AA /* [CP] Embed Pods Frameworks */,
				33ED5DF7B890548E63C4D1DF /* [CP] Copy Pods Resources */,
			);
			buildRules = (
			);
			dependencies = (
			);
			name = FlickrSlideShow;
			productName = FlickrSlideShow;
			productReference = 125FF3D31EBD7FBF00E76CF5 /* FlickrSlideShow.app */;
			productType = "com.apple.product-type.application";
		};
/* End PBXNativeTarget section */

/* Begin PBXProject section */
		125FF3CB1EBD7FBF00E76CF5 /* Project object */ = {
			isa = PBXProject;
			attributes = {
				LastSwiftUpdateCheck = 0830;
				LastUpgradeCheck = 0830;
				ORGANIZATIONNAME = taewan;
				TargetAttributes = {
					125FF3D21EBD7FBF00E76CF5 = {
						CreatedOnToolsVersion = 8.3;
						DevelopmentTeam = XAKQ2G84WP;
						ProvisioningStyle = Automatic;
					};
				};
			};
			buildConfigurationList = 125FF3CE1EBD7FBF00E76CF5 /* Build configuration list for PBXProject "FlickrSlideShow" */;
			compatibilityVersion = "Xcode 3.2";
			developmentRegion = English;
			hasScannedForEncodings = 0;
			knownRegions = (
				en,
				Base,
			);
			mainGroup = 125FF3CA1EBD7FBF00E76CF5;
			productRefGroup = 125FF3D41EBD7FBF00E76CF5 /* Products */;
			projectDirPath = "";
			projectRoot = "";
			targets = (
				125FF3D21EBD7FBF00E76CF5 /* FlickrSlideShow */,
			);
		};
/* End PBXProject section */

/* Begin PBXResourcesBuildPhase section */
		125FF3D11EBD7FBF00E76CF5 /* Resources */ = {
			isa = PBXResourcesBuildPhase;
			buildActionMask = 2147483647;
			files = (
				125FF3E11EBD7FBF00E76CF5 /* LaunchScreen.storyboard in Resources */,
				125FF3DE1EBD7FBF00E76CF5 /* Assets.xcassets in Resources */,
				125FF3DC1EBD7FBF00E76CF5 /* Main.storyboard in Resources */,
			);
			runOnlyForDeploymentPostprocessing = 0;
		};
/* End PBXResourcesBuildPhase section */

/* Begin PBXShellScriptBuildPhase section */
		33ED5DF7B890548E63C4D1DF /* [CP] Copy Pods Resources */ = {
			isa = PBXShellScriptBuildPhase;
			buildActionMask = 2147483647;
			files = (
			);
			inputPaths = (
			);
			name = "[CP] Copy Pods Resources";
			outputPaths = (
			);
			runOnlyForDeploymentPostprocessing = 0;
			shellPath = /bin/sh;
			shellScript = "\"${SRCROOT}/Pods/Target Support Files/Pods-FlickrSlideShow/Pods-FlickrSlideShow-resources.sh\"\n";
			showEnvVarsInLog = 0;
		};
		D76D4E50FEFEC1DFC341611D /* [CP] Check Pods Manifest.lock */ = {
			isa = PBXShellScriptBuildPhase;
			buildActionMask = 2147483647;
			files = (
			);
			inputPaths = (
			);
			name = "[CP] Check Pods Manifest.lock";
			outputPaths = (
			);
			runOnlyForDeploymentPostprocessing = 0;
			shellPath = /bin/sh;
			shellScript = "diff \"${PODS_PODFILE_DIR_PATH}/Podfile.lock\" \"${PODS_ROOT}/Manifest.lock\" > /dev/null\nif [ $? != 0 ] ; then\n    # print error to STDERR\n    echo \"error: The sandbox is not in sync with the Podfile.lock. Run 'pod install' or update your CocoaPods installation.\" >&2\n    exit 1\nfi\n";
			showEnvVarsInLog = 0;
		};
		F7B5E6DDE25E7F833E64F4AA /* [CP] Embed Pods Frameworks */ = {
			isa = PBXShellScriptBuildPhase;
			buildActionMask = 2147483647;
			files = (
			);
			inputPaths = (
			);
			name = "[CP] Embed Pods Frameworks";
			outputPaths = (
			);
			runOnlyForDeploymentPostprocessing = 0;
			shellPath = /bin/sh;
			shellScript = "\"${SRCROOT}/Pods/Target Support Files/Pods-FlickrSlideShow/Pods-FlickrSlideShow-frameworks.sh\"\n";
			showEnvVarsInLog = 0;
		};
/* End PBXShellScriptBuildPhase section */

/* Begin PBXSourcesBuildPhase section */
		125FF3CF1EBD7FBF00E76CF5 /* Sources */ = {
			isa = PBXSourcesBuildPhase;
			buildActionMask = 2147483647;
			files = (
				125FF3EA1EBD838300E76CF5 /* ViewController.swift in Sources */,
				125FF3EE1EBD841400E76CF5 /* BaseViewController.swift in Sources */,
				125FF3D71EBD7FBF00E76CF5 /* AppDelegate.swift in Sources */,
				125FF3EC1EBD83FC00E76CF5 /* SlideShowViewController.swift in Sources */,
			);
			runOnlyForDeploymentPostprocessing = 0;
		};
/* End PBXSourcesBuildPhase section */

/* Begin PBXVariantGroup section */
		125FF3DA1EBD7FBF00E76CF5 /* Main.storyboard */ = {
			isa = PBXVariantGroup;
			children = (
				125FF3DB1EBD7FBF00E76CF5 /* Base */,
			);
			name = Main.storyboard;
			sourceTree = "<group>";
		};
		125FF3DF1EBD7FBF00E76CF5 /* LaunchScreen.storyboard */ = {
			isa = PBXVariantGroup;
			children = (
				125FF3E01EBD7FBF00E76CF5 /* Base */,
			);
			name = LaunchScreen.storyboard;
			sourceTree = "<group>";
		};
/* End PBXVariantGroup section */

/* Begin XCBuildConfiguration section */
		125FF3E31EBD7FBF00E76CF5 /* Debug */ = {
			isa = XCBuildConfiguration;
			buildSettings = {
				ALWAYS_SEARCH_USER_PATHS = NO;
				CLANG_ANALYZER_NONNULL = YES;
				CLANG_ANALYZER_NUMBER_OBJECT_CONVERSION = YES_AGGRESSIVE;
				CLANG_CXX_LANGUAGE_STANDARD = "gnu++0x";
				CLANG_CXX_LIBRARY = "libc++";
				CLANG_ENABLE_MODULES = YES;
				CLANG_ENABLE_OBJC_ARC = YES;
				CLANG_WARN_BOOL_CONVERSION = YES;
				CLANG_WARN_CONSTANT_CONVERSION = YES;
				CLANG_WARN_DIRECT_OBJC_ISA_USAGE = YES_ERROR;
				CLANG_WARN_DOCUMENTATION_COMMENTS = YES;
				CLANG_WARN_EMPTY_BODY = YES;
				CLANG_WARN_ENUM_CONVERSION = YES;
				CLANG_WARN_INFINITE_RECURSION = YES;
				CLANG_WARN_INT_CONVERSION = YES;
				CLANG_WARN_OBJC_ROOT_CLASS = YES_ERROR;
				CLANG_WARN_SUSPICIOUS_MOVE = YES;
				CLANG_WARN_UNREACHABLE_CODE = YES;
				CLANG_WARN__DUPLICATE_METHOD_MATCH = YES;
				"CODE_SIGN_IDENTITY[sdk=iphoneos*]" = "iPhone Developer";
				COPY_PHASE_STRIP = NO;
				DEBUG_INFORMATION_FORMAT = dwarf;
				ENABLE_STRICT_OBJC_MSGSEND = YES;
				ENABLE_TESTABILITY = YES;
				GCC_C_LANGUAGE_STANDARD = gnu99;
				GCC_DYNAMIC_NO_PIC = NO;
				GCC_NO_COMMON_BLOCKS = YES;
				GCC_OPTIMIZATION_LEVEL = 0;
				GCC_PREPROCESSOR_DEFINITIONS = (
					"DEBUG=1",
					"$(inherited)",
				);
				GCC_WARN_64_TO_32_BIT_CONVERSION = YES;
				GCC_WARN_ABOUT_RETURN_TYPE = YES_ERROR;
				GCC_WARN_UNDECLARED_SELECTOR = YES;
				GCC_WARN_UNINITIALIZED_AUTOS = YES_AGGRESSIVE;
				GCC_WARN_UNUSED_FUNCTION = YES;
				GCC_WARN_UNUSED_VARIABLE = YES;
				IPHONEOS_DEPLOYMENT_TARGET = 10.3;
				MTL_ENABLE_DEBUG_INFO = YES;
				ONLY_ACTIVE_ARCH = YES;
				SDKROOT = iphoneos;
				SWIFT_ACTIVE_COMPILATION_CONDITIONS = DEBUG;
				SWIFT_OPTIMIZATION_LEVEL = "-Onone";
			};
			name = Debug;
		};
		125FF3E41EBD7FBF00E76CF5 /* Release */ = {
			isa = XCBuildConfiguration;
			buildSettings = {
				ALWAYS_SEARCH_USER_PATHS = NO;
				CLANG_ANALYZER_NONNULL = YES;
				CLANG_ANALYZER_NUMBER_OBJECT_CONVERSION = YES_AGGRESSIVE;
				CLANG_CXX_LANGUAGE_STANDARD = "gnu++0x";
				CLANG_CXX_LIBRARY = "libc++";
				CLANG_ENABLE_MODULES = YES;
				CLANG_ENABLE_OBJC_ARC = YES;
				CLANG_WARN_BOOL_CONVERSION = YES;
				CLANG_WARN_CONSTANT_CONVERSION = YES;
				CLANG_WARN_DIRECT_OBJC_ISA_USAGE = YES_ERROR;
				CLANG_WARN_DOCUMENTATION_COMMENTS = YES;
				CLANG_WARN_EMPTY_BODY = YES;
				CLANG_WARN_ENUM_CONVERSION = YES;
				CLANG_WARN_INFINITE_RECURSION = YES;
				CLANG_WARN_INT_CONVERSION = YES;
				CLANG_WARN_OBJC_ROOT_CLASS = YES_ERROR;
				CLANG_WARN_SUSPICIOUS_MOVE = YES;
				CLANG_WARN_UNREACHABLE_CODE = YES;
				CLANG_WARN__DUPLICATE_METHOD_MATCH = YES;
				"CODE_SIGN_IDENTITY[sdk=iphoneos*]" = "iPhone Developer";
				COPY_PHASE_STRIP = NO;
				DEBUG_INFORMATION_FORMAT = "dwarf-with-dsym";
				ENABLE_NS_ASSERTIONS = NO;
				ENABLE_STRICT_OBJC_MSGSEND = YES;
				GCC_C_LANGUAGE_STANDARD = gnu99;
				GCC_NO_COMMON_BLOCKS = YES;
				GCC_WARN_64_TO_32_BIT_CONVERSION = YES;
				GCC_WARN_ABOUT_RETURN_TYPE = YES_ERROR;
				GCC_WARN_UNDECLARED_SELECTOR = YES;
				GCC_WARN_UNINITIALIZED_AUTOS = YES_AGGRESSIVE;
				GCC_WARN_UNUSED_FUNCTION = YES;
				GCC_WARN_UNUSED_VARIABLE = YES;
				IPHONEOS_DEPLOYMENT_TARGET = 10.3;
				MTL_ENABLE_DEBUG_INFO = NO;
				SDKROOT = iphoneos;
				SWIFT_OPTIMIZATION_LEVEL = "-Owholemodule";
				VALIDATE_PRODUCT = YES;
			};
			name = Release;
		};
		125FF3E61EBD7FBF00E76CF5 /* Debug */ = {
			isa = XCBuildConfiguration;
			baseConfigurationReference = 6AD9D13F534C23239EC9F7DE /* Pods-FlickrSlideShow.debug.xcconfig */;
			buildSettings = {
				ASSETCATALOG_COMPILER_APPICON_NAME = AppIcon;
				DEVELOPMENT_TEAM = XAKQ2G84WP;
				INFOPLIST_FILE = FlickrSlideShow/Info.plist;
				LD_RUNPATH_SEARCH_PATHS = "$(inherited) @executable_path/Frameworks";
				PRODUCT_BUNDLE_IDENTIFIER = kr.co.taewan.FlickrSlideShow;
				PRODUCT_NAME = "$(TARGET_NAME)";
				SWIFT_VERSION = 3.0;
			};
			name = Debug;
		};
		125FF3E71EBD7FBF00E76CF5 /* Release */ = {
			isa = XCBuildConfiguration;
			baseConfigurationReference = 4A7335F0684C5818AE2EEDC0 /* Pods-FlickrSlideShow.release.xcconfig */;
			buildSettings = {
				ASSETCATALOG_COMPILER_APPICON_NAME = AppIcon;
				DEVELOPMENT_TEAM = XAKQ2G84WP;
				INFOPLIST_FILE = FlickrSlideShow/Info.plist;
				LD_RUNPATH_SEARCH_PATHS = "$(inherited) @executable_path/Frameworks";
				PRODUCT_BUNDLE_IDENTIFIER = kr.co.taewan.FlickrSlideShow;
				PRODUCT_NAME = "$(TARGET_NAME)";
				SWIFT_VERSION = 3.0;
			};
			name = Release;
		};
/* End XCBuildConfiguration section */

/* Begin XCConfigurationList section */
		125FF3CE1EBD7FBF00E76CF5 /* Build configuration list for PBXProject "FlickrSlideShow" */ = {
			isa = XCConfigurationList;
			buildConfigurations = (
				125FF3E31EBD7FBF00E76CF5 /* Debug */,
				125FF3E41EBD7FBF00E76CF5 /* Release */,
			);
			defaultConfigurationIsVisible = 0;
			defaultConfigurationName = Release;
		};
		125FF3E51EBD7FBF00E76CF5 /* Build configuration list for PBXNativeTarget "FlickrSlideShow" */ = {
			isa = XCConfigurationList;
			buildConfigurations = (
				125FF3E61EBD7FBF00E76CF5 /* Debug */,
				125FF3E71EBD7FBF00E76CF5 /* Release */,
			);
			defaultConfigurationIsVisible = 0;
			defaultConfigurationName = Release;
		};
/* End XCConfigurationList section */
	};
	rootObject = 125FF3CB1EBD7FBF00E76CF5 /* Project object */;
}
